lockfileVersion: 5.4

specifiers:
  '@heinz-95729/immutable': link:../immutable
  '@heinz-95729/storage': link:../storage
  '@paralleldrive/cuid2': ^2.2.0
  zod: ^3.21.4

dependencies:
  '@heinz-95729/immutable': link:../immutable
  '@heinz-95729/storage': link:../storage
  '@paralleldrive/cuid2': 2.2.0
  zod: 3.21.4

packages:

  /@noble/hashes/1.2.0:
    resolution: {integrity: sha512-FZfhjEDbT5GRswV3C6uvLPHMiVD6lQBmpoX5+eSiPaMTXte/IKqI5dykDxzZB/WBeK/CDuQRBWarPdi3FNY2zQ==}
    dev: false

  /@paralleldrive/cuid2/2.2.0:
    resolution: {integrity: sha512-CVQDpPIUHrUGGLdrMGz1NmqZvqmsB2j2rCIQEu1EvxWjlFh4fhvEGmgR409cY20/67/WlJsggenq0no3p3kYsw==}
    dependencies:
      '@noble/hashes': 1.2.0
    dev: false

  /zod/3.21.4:
    resolution: {integrity: sha512-m46AKbrzKVzOzs/DZgVnG5H55N1sv1M8qZU3A8RIKbs3mrACDNeIOeilDymVb2HdmP8uwshOCF4uJ8uM9rCqJw==}
    dev: false
